// !$*UTF8*$!
{
	archiveVersion = 1;
	classes = {
	};
	objectVersion = 46;
	objects = {

/* Begin PBXBuildFile section */
		4C00952817E963FA001A449E /* InfoViewController.m in Sources */ = {isa = PBXBuildFile; fileRef = 4C00952717E963FA001A449E /* InfoViewController.m */; };
		4C0BB0A217E2725F00CFAD20 /* PentominoesLogo@2x.png in Resources */ = {isa = PBXBuildFile; fileRef = 4C0BB0A117E2725F00CFAD20 /* PentominoesLogo@2x.png */; };
		4C0BB0A417E2729200CFAD20 /* PentominoesLogo.png in Resources */ = {isa = PBXBuildFile; fileRef = 4C0BB0A317E2729200CFAD20 /* PentominoesLogo.png */; };
		4C0BB0A617E2755D00CFAD20 /* Default-Portrait@2x~ipad.png in Resources */ = {isa = PBXBuildFile; fileRef = 4C0BB0A517E2755D00CFAD20 /* Default-Portrait@2x~ipad.png */; };
		4C0BB0A817E2756600CFAD20 /* Default-Portrait~ipad.png in Resources */ = {isa = PBXBuildFile; fileRef = 4C0BB0A717E2756600CFAD20 /* Default-Portrait~ipad.png */; };
		4C6B49E817DD7E2A00C3E3DA /* UIKit.framework in Frameworks */ = {isa = PBXBuildFile; fileRef = 4C6B49E717DD7E2A00C3E3DA /* UIKit.framework */; };
		4C6B49EA17DD7E2A00C3E3DA /* Foundation.framework in Frameworks */ = {isa = PBXBuildFile; fileRef = 4C6B49E917DD7E2A00C3E3DA /* Foundation.framework */; };
		4C6B49EC17DD7E2A00C3E3DA /* CoreGraphics.framework in Frameworks */ = {isa = PBXBuildFile; fileRef = 4C6B49EB17DD7E2A00C3E3DA /* CoreGraphics.framework */; };
		4C6B49F217DD7E2B00C3E3DA /* InfoPlist.strings in Resources */ = {isa = PBXBuildFile; fileRef = 4C6B49F017DD7E2B00C3E3DA /* InfoPlist.strings */; };
		4C6B49F417DD7E2B00C3E3DA /* main.m in Sources */ = {isa = PBXBuildFile; fileRef = 4C6B49F317DD7E2B00C3E3DA /* main.m */; };
		4C6B49F817DD7E2B00C3E3DA /* AppDelegate.m in Sources */ = {isa = PBXBuildFile; fileRef = 4C6B49F717DD7E2B00C3E3DA /* AppDelegate.m */; };
		4C6B49FA17DD7E2B00C3E3DA /* Default.png in Resources */ = {isa = PBXBuildFile; fileRef = 4C6B49F917DD7E2B00C3E3DA /* Default.png */; };
		4C6B49FC17DD7E2B00C3E3DA /* Default@2x.png in Resources */ = {isa = PBXBuildFile; fileRef = 4C6B49FB17DD7E2B00C3E3DA /* Default@2x.png */; };
		4C6B49FE17DD7E2B00C3E3DA /* Default-568h@2x.png in Resources */ = {isa = PBXBuildFile; fileRef = 4C6B49FD17DD7E2B00C3E3DA /* Default-568h@2x.png */; };
		4C6B4A0117DD7E2B00C3E3DA /* MainStoryboard.storyboard in Resources */ = {isa = PBXBuildFile; fileRef = 4C6B49FF17DD7E2B00C3E3DA /* MainStoryboard.storyboard */; };
		4C6B4A0417DD7E2B00C3E3DA /* ViewController.m in Sources */ = {isa = PBXBuildFile; fileRef = 4C6B4A0317DD7E2B00C3E3DA /* ViewController.m */; };
		4C6B4A2417DD7E5500C3E3DA /* Board0.png in Resources */ = {isa = PBXBuildFile; fileRef = 4C6B4A0B17DD7E5500C3E3DA /* Board0.png */; };
		4C6B4A2517DD7E5500C3E3DA /* Board0button.png in Resources */ = {isa = PBXBuildFile; fileRef = 4C6B4A0C17DD7E5500C3E3DA /* Board0button.png */; };
		4C6B4A2617DD7E5500C3E3DA /* Board1.png in Resources */ = {isa = PBXBuildFile; fileRef = 4C6B4A0D17DD7E5500C3E3DA /* Board1.png */; };
		4C6B4A2717DD7E5500C3E3DA /* Board1button.png in Resources */ = {isa = PBXBuildFile; fileRef = 4C6B4A0E17DD7E5500C3E3DA /* Board1button.png */; };
		4C6B4A2817DD7E5500C3E3DA /* Board2.png in Resources */ = {isa = PBXBuildFile; fileRef = 4C6B4A0F17DD7E5500C3E3DA /* Board2.png */; };
		4C6B4A2917DD7E5500C3E3DA /* Board2button.png in Resources */ = {isa = PBXBuildFile; fileRef = 4C6B4A1017DD7E5500C3E3DA /* Board2button.png */; };
		4C6B4A2A17DD7E5500C3E3DA /* Board3.png in Resources */ = {isa = PBXBuildFile; fileRef = 4C6B4A1117DD7E5500C3E3DA /* Board3.png */; };
		4C6B4A2B17DD7E5500C3E3DA /* Board3button.png in Resources */ = {isa = PBXBuildFile; fileRef = 4C6B4A1217DD7E5500C3E3DA /* Board3button.png */; };
		4C6B4A2C17DD7E5500C3E3DA /* Board4.png in Resources */ = {isa = PBXBuildFile; fileRef = 4C6B4A1317DD7E5500C3E3DA /* Board4.png */; };
		4C6B4A2D17DD7E5500C3E3DA /* Board4button.png in Resources */ = {isa = PBXBuildFile; fileRef = 4C6B4A1417DD7E5500C3E3DA /* Board4button.png */; };
		4C6B4A2E17DD7E5500C3E3DA /* Board5.png in Resources */ = {isa = PBXBuildFile; fileRef = 4C6B4A1517DD7E5500C3E3DA /* Board5.png */; };
		4C6B4A2F17DD7E5500C3E3DA /* Board5button.png in Resources */ = {isa = PBXBuildFile; fileRef = 4C6B4A1617DD7E5500C3E3DA /* Board5button.png */; };
		4C6B4A3017DD7E5500C3E3DA /* Solutions.plist in Resources */ = {isa = PBXBuildFile; fileRef = 4C6B4A1717DD7E5500C3E3DA /* Solutions.plist */; };
		4C6B4A3117DD7E5500C3E3DA /* tileF.png in Resources */ = {isa = PBXBuildFile; fileRef = 4C6B4A1817DD7E5500C3E3DA /* tileF.png */; };
		4C6B4A3217DD7E5500C3E3DA /* tileI.png in Resources */ = {isa = PBXBuildFile; fileRef = 4C6B4A1917DD7E5500C3E3DA /* tileI.png */; };
		4C6B4A3317DD7E5500C3E3DA /* tileL.png in Resources */ = {isa = PBXBuildFile; fileRef = 4C6B4A1A17DD7E5500C3E3DA /* tileL.png */; };
		4C6B4A3417DD7E5500C3E3DA /* tileN.png in Resources */ = {isa = PBXBuildFile; fileRef = 4C6B4A1B17DD7E5500C3E3DA /* tileN.png */; };
		4C6B4A3517DD7E5500C3E3DA /* tileP.png in Resources */ = {isa = PBXBuildFile; fileRef = 4C6B4A1C17DD7E5500C3E3DA /* tileP.png */; };
		4C6B4A3617DD7E5500C3E3DA /* tileT.png in Resources */ = {isa = PBXBuildFile; fileRef = 4C6B4A1D17DD7E5500C3E3DA /* tileT.png */; };
		4C6B4A3717DD7E5500C3E3DA /* tileU.png in Resources */ = {isa = PBXBuildFile; fileRef = 4C6B4A1E17DD7E5500C3E3DA /* tileU.png */; };
		4C6B4A3817DD7E5500C3E3DA /* tileV.png in Resources */ = {isa = PBXBuildFile; fileRef = 4C6B4A1F17DD7E5500C3E3DA /* tileV.png */; };
		4C6B4A3917DD7E5500C3E3DA /* tileW.png in Resources */ = {isa = PBXBuildFile; fileRef = 4C6B4A2017DD7E5500C3E3DA /* tileW.png */; };
		4C6B4A3A17DD7E5500C3E3DA /* tileX.png in Resources */ = {isa = PBXBuildFile; fileRef = 4C6B4A2117DD7E5500C3E3DA /* tileX.png */; };
		4C6B4A3B17DD7E5500C3E3DA /* tileY.png in Resources */ = {isa = PBXBuildFile; fileRef = 4C6B4A2217DD7E5500C3E3DA /* tileY.png */; };
		4C6B4A3C17DD7E5500C3E3DA /* tileZ.png in Resources */ = {isa = PBXBuildFile; fileRef = 4C6B4A2317DD7E5500C3E3DA /* tileZ.png */; };
		4C96F04517E6CF17001293B0 /* Model.m in Sources */ = {isa = PBXBuildFile; fileRef = 4C96F04417E6CF17001293B0 /* Model.m */; };
/* End PBXBuildFile section */

/* Begin PBXFileReference section */
		4C00952617E963FA001A449E /* InfoViewController.h */ = {isa = PBXFileReference; fileEncoding = 4; lastKnownFileType = sourcecode.c.h; path = InfoViewController.h; sourceTree = "<group>"; };
		4C00952717E963FA001A449E /* InfoViewController.m */ = {isa = PBXFileReference; fileEncoding = 4; lastKnownFileType = sourcecode.c.objc; path = InfoViewController.m; sourceTree = "<group>"; };
		4C0BB0A117E2725F00CFAD20 /* PentominoesLogo@2x.png */ = {isa = PBXFileReference; lastKnownFileType = image.png; path = "PentominoesLogo@2x.png"; sourceTree = "<group>"; };
		4C0BB0A317E2729200CFAD20 /* PentominoesLogo.png */ = {isa = PBXFileReference; lastKnownFileType = image.png; path = PentominoesLogo.png; sourceTree = "<group>"; };
		4C0BB0A517E2755D00CFAD20 /* Default-Portrait@2x~ipad.png */ = {isa = PBXFileReference; lastKnownFileType = image.png; path = "Default-Portrait@2x~ipad.png"; sourceTree = "<group>"; };
		4C0BB0A717E2756600CFAD20 /* Default-Portrait~ipad.png */ = {isa = PBXFileReference; lastKnownFileType = image.png; path = "Default-Portrait~ipad.png"; sourceTree = "<group>"; };
		4C6B49E417DD7E2A00C3E3DA /* Pentominoes.app */ = {isa = PBXFileReference; explicitFileType = wrapper.application; includeInIndex = 0; path = Pentominoes.app; sourceTree = BUILT_PRODUCTS_DIR; };
		4C6B49E717DD7E2A00C3E3DA /* UIKit.framework */ = {isa = PBXFileReference; lastKnownFileType = wrapper.framework; name = UIKit.framework; path = System/Library/Frameworks/UIKit.framework; sourceTree = SDKROOT; };
		4C6B49E917DD7E2A00C3E3DA /* Foundation.framework */ = {isa = PBXFileReference; lastKnownFileType = wrapper.framework; name = Foundation.framework; path = System/Library/Frameworks/Foundation.framework; sourceTree = SDKROOT; };
		4C6B49EB17DD7E2A00C3E3DA /* CoreGraphics.framework */ = {isa = PBXFileReference; lastKnownFileType = wrapper.framework; name = CoreGraphics.framework; path = System/Library/Frameworks/CoreGraphics.framework; sourceTree = SDKROOT; };
		4C6B49EF17DD7E2A00C3E3DA /* Pentominoes-Info.plist */ = {isa = PBXFileReference; lastKnownFileType = text.plist.xml; path = "Pentominoes-Info.plist"; sourceTree = "<group>"; };
		4C6B49F117DD7E2B00C3E3DA /* en */ = {isa = PBXFileReference; lastKnownFileType = text.plist.strings; name = en; path = en.lproj/InfoPlist.strings; sourceTree = "<group>"; };
		4C6B49F317DD7E2B00C3E3DA /* main.m */ = {isa = PBXFileReference; lastKnownFileType = sourcecode.c.objc; path = main.m; sourceTree = "<group>"; };
		4C6B49F517DD7E2B00C3E3DA /* Pentominoes-Prefix.pch */ = {isa = PBXFileReference; lastKnownFileType = sourcecode.c.h; path = "Pentominoes-Prefix.pch"; sourceTree = "<group>"; };
		4C6B49F617DD7E2B00C3E3DA /* AppDelegate.h */ = {isa = PBXFileReference; lastKnownFileType = sourcecode.c.h; path = AppDelegate.h; sourceTree = "<group>"; };
		4C6B49F717DD7E2B00C3E3DA /* AppDelegate.m */ = {isa = PBXFileReference; lastKnownFileType = sourcecode.c.objc; path = AppDelegate.m; sourceTree = "<group>"; };
		4C6B49F917DD7E2B00C3E3DA /* Default.png */ = {isa = PBXFileReference; lastKnownFileType = image.png; path = Default.png; sourceTree = "<group>"; };
		4C6B49FB17DD7E2B00C3E3DA /* Default@2x.png */ = {isa = PBXFileReference; lastKnownFileType = image.png; path = "Default@2x.png"; sourceTree = "<group>"; };
		4C6B49FD17DD7E2B00C3E3DA /* Default-568h@2x.png */ = {isa = PBXFileReference; lastKnownFileType = image.png; path = "Default-568h@2x.png"; sourceTree = "<group>"; };
		4C6B4A0017DD7E2B00C3E3DA /* en */ = {isa = PBXFileReference; lastKnownFileType = file.storyboard; name = en; path = en.lproj/MainStoryboard.storyboard; sourceTree = "<group>"; };
		4C6B4A0217DD7E2B00C3E3DA /* ViewController.h */ = {isa = PBXFileReference; lastKnownFileType = sourcecode.c.h; path = ViewController.h; sourceTree = "<group>"; };
		4C6B4A0317DD7E2B00C3E3DA /* ViewController.m */ = {isa = PBXFileReference; lastKnownFileType = sourcecode.c.objc; path = ViewController.m; sourceTree = "<group>"; };
		4C6B4A0B17DD7E5500C3E3DA /* Board0.png */ = {isa = PBXFileReference; lastKnownFileType = image.png; path = Board0.png; sourceTree = "<group>"; };
		4C6B4A0C17DD7E5500C3E3DA /* Board0button.png */ = {isa = PBXFileReference; lastKnownFileType = image.png; path = Board0button.png; sourceTree = "<group>"; };
		4C6B4A0D17DD7E5500C3E3DA /* Board1.png */ = {isa = PBXFileReference; lastKnownFileType = image.png; path = Board1.png; sourceTree = "<group>"; };
		4C6B4A0E17DD7E5500C3E3DA /* Board1button.png */ = {isa = PBXFileReference; lastKnownFileType = image.png; path = Board1button.png; sourceTree = "<group>"; };
		4C6B4A0F17DD7E5500C3E3DA /* Board2.png */ = {isa = PBXFileReference; lastKnownFileType = image.png; path = Board2.png; sourceTree = "<group>"; };
		4C6B4A1017DD7E5500C3E3DA /* Board2button.png */ = {isa = PBXFileReference; lastKnownFileType = image.png; path = Board2button.png; sourceTree = "<group>"; };
		4C6B4A1117DD7E5500C3E3DA /* Board3.png */ = {isa = PBXFileReference; lastKnownFileType = image.png; path = Board3.png; sourceTree = "<group>"; };
		4C6B4A1217DD7E5500C3E3DA /* Board3button.png */ = {isa = PBXFileReference; lastKnownFileType = image.png; path = Board3button.png; sourceTree = "<group>"; };
		4C6B4A1317DD7E5500C3E3DA /* Board4.png */ = {isa = PBXFileReference; lastKnownFileType = image.png; path = Board4.png; sourceTree = "<group>"; };
		4C6B4A1417DD7E5500C3E3DA /* Board4button.png */ = {isa = PBXFileReference; lastKnownFileType = image.png; path = Board4button.png; sourceTree = "<group>"; };
		4C6B4A1517DD7E5500C3E3DA /* Board5.png */ = {isa = PBXFileReference; lastKnownFileType = image.png; path = Board5.png; sourceTree = "<group>"; };
		4C6B4A1617DD7E5500C3E3DA /* Board5button.png */ = {isa = PBXFileReference; lastKnownFileType = image.png; path = Board5button.png; sourceTree = "<group>"; };
		4C6B4A1717DD7E5500C3E3DA /* Solutions.plist */ = {isa = PBXFileReference; fileEncoding = 4; lastKnownFileType = text.plist.xml; path = Solutions.plist; sourceTree = "<group>"; };
		4C6B4A1817DD7E5500C3E3DA /* tileF.png */ = {isa = PBXFileReference; lastKnownFileType = image.png; path = tileF.png; sourceTree = "<group>"; };
		4C6B4A1917DD7E5500C3E3DA /* tileI.png */ = {isa = PBXFileReference; lastKnownFileType = image.png; path = tileI.png; sourceTree = "<group>"; };
		4C6B4A1A17DD7E5500C3E3DA /* tileL.png */ = {isa = PBXFileReference; lastKnownFileType = image.png; path = tileL.png; sourceTree = "<group>"; };
		4C6B4A1B17DD7E5500C3E3DA /* tileN.png */ = {isa = PBXFileReference; lastKnownFileType = image.png; path = tileN.png; sourceTree = "<group>"; };
		4C6B4A1C17DD7E5500C3E3DA /* tileP.png */ = {isa = PBXFileReference; lastKnownFileType = image.png; path = tileP.png; sourceTree = "<group>"; };
		4C6B4A1D17DD7E5500C3E3DA /* tileT.png */ = {isa = PBXFileReference; lastKnownFileType = image.png; path = tileT.png; sourceTree = "<group>"; };
		4C6B4A1E17DD7E5500C3E3DA /* tileU.png */ = {isa = PBXFileReference; lastKnownFileType = image.png; path = tileU.png; sourceTree = "<group>"; };
		4C6B4A1F17DD7E5500C3E3DA /* tileV.png */ = {isa = PBXFileReference; lastKnownFileType = image.png; path = tileV.png; sourceTree = "<group>"; };
		4C6B4A2017DD7E5500C3E3DA /* tileW.png */ = {isa = PBXFileReference; lastKnownFileType = image.png; path = tileW.png; sourceTree = "<group>"; };
		4C6B4A2117DD7E5500C3E3DA /* tileX.png */ = {isa = PBXFileReference; lastKnownFileType = image.png; path = tileX.png; sourceTree = "<group>"; };
		4C6B4A2217DD7E5500C3E3DA /* tileY.png */ = {isa = PBXFileReference; lastKnownFileType = image.png; path = tileY.png; sourceTree = "<group>"; };
		4C6B4A2317DD7E5500C3E3DA /* tileZ.png */ = {isa = PBXFileReference; lastKnownFileType = image.png; path = tileZ.png; sourceTree = "<group>"; };
		4C96F04317E6CF17001293B0 /* Model.h */ = {isa = PBXFileReference; fileEncoding = 4; lastKnownFileType = sourcecode.c.h; path = Model.h; sourceTree = "<group>"; };
		4C96F04417E6CF17001293B0 /* Model.m */ = {isa = PBXFileReference; fileEncoding = 4; lastKnownFileType = sourcecode.c.objc; path = Model.m; sourceTree = "<group>"; };
/* End PBXFileReference section */

/* Begin PBXFrameworksBuildPhase section */
		4C6B49E117DD7E2A00C3E3DA /* Frameworks */ = {
			isa = PBXFrameworksBuildPhase;
			buildActionMask = 2147483647;
			files = (
				4C6B49E817DD7E2A00C3E3DA /* UIKit.framework in Frameworks */,
				4C6B49EA17DD7E2A00C3E3DA /* Foundation.framework in Frameworks */,
				4C6B49EC17DD7E2A00C3E3DA /* CoreGraphics.framework in Frameworks */,
			);
			runOnlyForDeploymentPostprocessing = 0;
		};
/* End PBXFrameworksBuildPhase section */

/* Begin PBXGroup section */
		4C6B49DB17DD7E2A00C3E3DA = {
			isa = PBXGroup;
			children = (
				4C0BB0A717E2756600CFAD20 /* Default-Portrait~ipad.png */,
				4C0BB0A517E2755D00CFAD20 /* Default-Portrait@2x~ipad.png */,
				4C0BB0A317E2729200CFAD20 /* PentominoesLogo.png */,
				4C0BB0A117E2725F00CFAD20 /* PentominoesLogo@2x.png */,
				4C6B49ED17DD7E2A00C3E3DA /* Pentominoes */,
				4C6B49E617DD7E2A00C3E3DA /* Frameworks */,
				4C6B49E517DD7E2A00C3E3DA /* Products */,
			);
			sourceTree = "<group>";
		};
		4C6B49E517DD7E2A00C3E3DA /* Products */ = {
			isa = PBXGroup;
			children = (
				4C6B49E417DD7E2A00C3E3DA /* Pentominoes.app */,
			);
			name = Products;
			sourceTree = "<group>";
		};
		4C6B49E617DD7E2A00C3E3DA /* Frameworks */ = {
			isa = PBXGroup;
			children = (
				4C6B49E717DD7E2A00C3E3DA /* UIKit.framework */,
				4C6B49E917DD7E2A00C3E3DA /* Foundation.framework */,
				4C6B49EB17DD7E2A00C3E3DA /* CoreGraphics.framework */,
			);
			name = Frameworks;
			sourceTree = "<group>";
		};
		4C6B49ED17DD7E2A00C3E3DA /* Pentominoes */ = {
			isa = PBXGroup;
			children = (
				4C6B4A0A17DD7E5500C3E3DA /* Pentominoes Assets */,
				4C6B49F617DD7E2B00C3E3DA /* AppDelegate.h */,
				4C6B49F717DD7E2B00C3E3DA /* AppDelegate.m */,
				4C6B49FF17DD7E2B00C3E3DA /* MainStoryboard.storyboard */,
				4C6B4A0217DD7E2B00C3E3DA /* ViewController.h */,
				4C6B4A0317DD7E2B00C3E3DA /* ViewController.m */,
				4C96F04317E6CF17001293B0 /* Model.h */,
				4C96F04417E6CF17001293B0 /* Model.m */,
				4C00952617E963FA001A449E /* InfoViewController.h */,
				4C00952717E963FA001A449E /* InfoViewController.m */,
				4C6B49EE17DD7E2A00C3E3DA /* Supporting Files */,
			);
			path = Pentominoes;
			sourceTree = "<group>";
		};
		4C6B49EE17DD7E2A00C3E3DA /* Supporting Files */ = {
			isa = PBXGroup;
			children = (
				4C6B49EF17DD7E2A00C3E3DA /* Pentominoes-Info.plist */,
				4C6B49F017DD7E2B00C3E3DA /* InfoPlist.strings */,
				4C6B49F317DD7E2B00C3E3DA /* main.m */,
				4C6B49F517DD7E2B00C3E3DA /* Pentominoes-Prefix.pch */,
				4C6B49F917DD7E2B00C3E3DA /* Default.png */,
				4C6B49FB17DD7E2B00C3E3DA /* Default@2x.png */,
				4C6B49FD17DD7E2B00C3E3DA /* Default-568h@2x.png */,
			);
			name = "Supporting Files";
			sourceTree = "<group>";
		};
		4C6B4A0A17DD7E5500C3E3DA /* Pentominoes Assets */ = {
			isa = PBXGroup;
			children = (
				4C6B4A0B17DD7E5500C3E3DA /* Board0.png */,
				4C6B4A0C17DD7E5500C3E3DA /* Board0button.png */,
				4C6B4A0D17DD7E5500C3E3DA /* Board1.png */,
				4C6B4A0E17DD7E5500C3E3DA /* Board1button.png */,
				4C6B4A0F17DD7E5500C3E3DA /* Board2.png */,
				4C6B4A1017DD7E5500C3E3DA /* Board2button.png */,
				4C6B4A1117DD7E5500C3E3DA /* Board3.png */,
				4C6B4A1217DD7E5500C3E3DA /* Board3button.png */,
				4C6B4A1317DD7E5500C3E3DA /* Board4.png */,
				4C6B4A1417DD7E5500C3E3DA /* Board4button.png */,
				4C6B4A1517DD7E5500C3E3DA /* Board5.png */,
				4C6B4A1617DD7E5500C3E3DA /* Board5button.png */,
				4C6B4A1717DD7E5500C3E3DA /* Solutions.plist */,
				4C6B4A1817DD7E5500C3E3DA /* tileF.png */,
				4C6B4A1917DD7E5500C3E3DA /* tileI.png */,
				4C6B4A1A17DD7E5500C3E3DA /* tileL.png */,
				4C6B4A1B17DD7E5500C3E3DA /* tileN.png */,
				4C6B4A1C17DD7E5500C3E3DA /* tileP.png */,
				4C6B4A1D17DD7E5500C3E3DA /* tileT.png */,
				4C6B4A1E17DD7E5500C3E3DA /* tileU.png */,
				4C6B4A1F17DD7E5500C3E3DA /* tileV.png */,
				4C6B4A2017DD7E5500C3E3DA /* tileW.png */,
				4C6B4A2117DD7E5500C3E3DA /* tileX.png */,
				4C6B4A2217DD7E5500C3E3DA /* tileY.png */,
				4C6B4A2317DD7E5500C3E3DA /* tileZ.png */,
			);
			path = "Pentominoes Assets";
			sourceTree = "<group>";
		};
/* End PBXGroup section */

/* Begin PBXNativeTarget section */
		4C6B49E317DD7E2A00C3E3DA /* Pentominoes */ = {
			isa = PBXNativeTarget;
			buildConfigurationList = 4C6B4A0717DD7E2B00C3E3DA /* Build configuration list for PBXNativeTarget "Pentominoes" */;
			buildPhases = (
				4C6B49E017DD7E2A00C3E3DA /* Sources */,
				4C6B49E117DD7E2A00C3E3DA /* Frameworks */,
				4C6B49E217DD7E2A00C3E3DA /* Resources */,
			);
			buildRules = (
			);
			dependencies = (
			);
			name = Pentominoes;
			productName = Pentominoes;
			productReference = 4C6B49E417DD7E2A00C3E3DA /* Pentominoes.app */;
			productType = "com.apple.product-type.application";
		};
/* End PBXNativeTarget section */

/* Begin PBXProject section */
		4C6B49DC17DD7E2A00C3E3DA /* Project object */ = {
			isa = PBXProject;
			attributes = {
				LastUpgradeCheck = 0460;
				ORGANIZATIONNAME = "ROBERT GERALD DICK";
			};
			buildConfigurationList = 4C6B49DF17DD7E2A00C3E3DA /* Build configuration list for PBXProject "Pentominoes" */;
			compatibilityVersion = "Xcode 3.2";
			developmentRegion = English;
			hasScannedForEncodings = 0;
			knownRegions = (
				en,
			);
			mainGroup = 4C6B49DB17DD7E2A00C3E3DA;
			productRefGroup = 4C6B49E517DD7E2A00C3E3DA /* Products */;
			projectDirPath = "";
			projectRoot = "";
			targets = (
				4C6B49E317DD7E2A00C3E3DA /* Pentominoes */,
			);
		};
/* End PBXProject section */

/* Begin PBXResourcesBuildPhase section */
		4C6B49E217DD7E2A00C3E3DA /* Resources */ = {
			isa = PBXResourcesBuildPhase;
			buildActionMask = 2147483647;
			files = (
				4C6B49F217DD7E2B00C3E3DA /* InfoPlist.strings in Resources */,
				4C6B49FA17DD7E2B00C3E3DA /* Default.png in Resources */,
				4C6B49FC17DD7E2B00C3E3DA /* Default@2x.png in Resources */,
				4C6B49FE17DD7E2B00C3E3DA /* Default-568h@2x.png in Resources */,
				4C6B4A0117DD7E2B00C3E3DA /* MainStoryboard.storyboard in Resources */,
				4C6B4A2417DD7E5500C3E3DA /* Board0.png in Resources */,
				4C6B4A2517DD7E5500C3E3DA /* Board0button.png in Resources */,
				4C6B4A2617DD7E5500C3E3DA /* Board1.png in Resources */,
				4C6B4A2717DD7E5500C3E3DA /* Board1button.png in Resources */,
				4C6B4A2817DD7E5500C3E3DA /* Board2.png in Resources */,
				4C6B4A2917DD7E5500C3E3DA /* Board2button.png in Resources */,
				4C6B4A2A17DD7E5500C3E3DA /* Board3.png in Resources */,
				4C6B4A2B17DD7E5500C3E3DA /* Board3button.png in Resources */,
				4C6B4A2C17DD7E5500C3E3DA /* Board4.png in Resources */,
				4C6B4A2D17DD7E5500C3E3DA /* Board4button.png in Resources */,
				4C6B4A2E17DD7E5500C3E3DA /* Board5.png in Resources */,
				4C6B4A2F17DD7E5500C3E3DA /* Board5button.png in Resources */,
				4C6B4A3017DD7E5500C3E3DA /* Solutions.plist in Resources */,
				4C6B4A3117DD7E5500C3E3DA /* tileF.png in Resources */,
				4C6B4A3217DD7E5500C3E3DA /* tileI.png in Resources */,
				4C6B4A3317DD7E5500C3E3DA /* tileL.png in Resources */,
				4C6B4A3417DD7E5500C3E3DA /* tileN.png in Resources */,
				4C6B4A3517DD7E5500C3E3DA /* tileP.png in Resources */,
				4C6B4A3617DD7E5500C3E3DA /* tileT.png in Resources */,
				4C6B4A3717DD7E5500C3E3DA /* tileU.png in Resources */,
				4C6B4A3817DD7E5500C3E3DA /* tileV.png in Resources */,
				4C6B4A3917DD7E5500C3E3DA /* tileW.png in Resources */,
				4C6B4A3A17DD7E5500C3E3DA /* tileX.png in Resources */,
				4C6B4A3B17DD7E5500C3E3DA /* tileY.png in Resources */,
				4C6B4A3C17DD7E5500C3E3DA /* tileZ.png in Resources */,
				4C0BB0A217E2725F00CFAD20 /* PentominoesLogo@2x.png in Resources */,
				4C0BB0A417E2729200CFAD20 /* PentominoesLogo.png in Resources */,
				4C0BB0A617E2755D00CFAD20 /* Default-Portrait@2x~ipad.png in Resources */,
				4C0BB0A817E2756600CFAD20 /* Default-Portrait~ipad.png in Resources */,
			);
			runOnlyForDeploymentPostprocessing = 0;
		};
/* End PBXResourcesBuildPhase section */

/* Begin PBXSourcesBuildPhase section */
		4C6B49E017DD7E2A00C3E3DA /* Sources */ = {
			isa = PBXSourcesBuildPhase;
			buildActionMask = 2147483647;
			files = (
				4C6B49F417DD7E2B00C3E3DA /* main.m in Sources */,
				4C6B49F817DD7E2B00C3E3DA /* AppDelegate.m in Sources */,
				4C6B4A0417DD7E2B00C3E3DA /* ViewController.m in Sources */,
				4C96F04517E6CF17001293B0 /* Model.m in Sources */,
				4C00952817E963FA001A449E /* InfoViewController.m in Sources */,
			);
			runOnlyForDeploymentPostprocessing = 0;
		};
/* End PBXSourcesBuildPhase section */

/* Begin PBXVariantGroup section */
		4C6B49F017DD7E2B00C3E3DA /* InfoPlist.strings */ = {
			isa = PBXVariantGroup;
			children = (
				4C6B49F117DD7E2B00C3E3DA /* en */,
			);
			name = InfoPlist.strings;
			sourceTree = "<group>";
		};
		4C6B49FF17DD7E2B00C3E3DA /* MainStoryboard.storyboard */ = {
			isa = PBXVariantGroup;
			children = (
				4C6B4A0017DD7E2B00C3E3DA /* en */,
			);
			name = MainStoryboard.storyboard;
			sourceTree = "<group>";
		};
/* End PBXVariantGroup section */

/* Begin XCBuildConfiguration section */
		4C6B4A0517DD7E2B00C3E3DA /* Debug */ = {
			isa = XCBuildConfiguration;
			buildSettings = {
				ALWAYS_SEARCH_USER_PATHS = NO;
				CLANG_CXX_LANGUAGE_STANDARD = "gnu++0x";
				CLANG_CXX_LIBRARY = "libc++";
				CLANG_ENABLE_OBJC_ARC = YES;
				CLANG_WARN_CONSTANT_CONVERSION = YES;
				CLANG_WARN_EMPTY_BODY = YES;
				CLANG_WARN_ENUM_CONVERSION = YES;
				CLANG_WARN_INT_CONVERSION = YES;
				CLANG_WARN__DUPLICATE_METHOD_MATCH = YES;
				"CODE_SIGN_IDENTITY[sdk=iphoneos*]" = "iPhone Developer";
				COPY_PHASE_STRIP = NO;
				GCC_C_LANGUAGE_STANDARD = gnu99;
				GCC_DYNAMIC_NO_PIC = NO;
				GCC_OPTIMIZATION_LEVEL = 0;
				GCC_PREPROCESSOR_DEFINITIONS = (
					"DEBUG=1",
					"$(inherited)",
				);
				GCC_SYMBOLS_PRIVATE_EXTERN = NO;
				GCC_WARN_ABOUT_RETURN_TYPE = YES;
				GCC_WARN_UNINITIALIZED_AUTOS = YES;
				GCC_WARN_UNUSED_VARIABLE = YES;
				IPHONEOS_DEPLOYMENT_TARGET = 6.1;
				ONLY_ACTIVE_ARCH = YES;
				SDKROOT = iphoneos;
			};
			name = Debug;
		};
		4C6B4A0617DD7E2B00C3E3DA /* Release */ = {
			isa = XCBuildConfiguration;
			buildSettings = {
				ALWAYS_SEARCH_USER_PATHS = NO;
				CLANG_CXX_LANGUAGE_STANDARD = "gnu++0x";
				CLANG_CXX_LIBRARY = "libc++";
				CLANG_ENABLE_OBJC_ARC = YES;
				CLANG_WARN_CONSTANT_CONVERSION = YES;
				CLANG_WARN_EMPTY_BODY = YES;
				CLANG_WARN_ENUM_CONVERSION = YES;
				CLANG_WARN_INT_CONVERSION = YES;
				CLANG_WARN__DUPLICATE_METHOD_MATCH = YES;
				"CODE_SIGN_IDENTITY[sdk=iphoneos*]" = "iPhone Developer";
				COPY_PHASE_STRIP = YES;
				GCC_C_LANGUAGE_STANDARD = gnu99;
				GCC_WARN_ABOUT_RETURN_TYPE = YES;
				GCC_WARN_UNINITIALIZED_AUTOS = YES;
				GCC_WARN_UNUSED_VARIABLE = YES;
				IPHONEOS_DEPLOYMENT_TARGET = 6.1;
				OTHER_CFLAGS = "-DNS_BLOCK_ASSERTIONS=1";
				SDKROOT = iphoneos;
				VALIDATE_PRODUCT = YES;
			};
			name = Release;
		};
		4C6B4A0817DD7E2B00C3E3DA /* Debug */ = {
			isa = XCBuildConfiguration;
			buildSettings = {
				GCC_PRECOMPILE_PREFIX_HEADER = YES;
				GCC_PREFIX_HEADER = "Pentominoes/Pentominoes-Prefix.pch";
				INFOPLIST_FILE = "Pentominoes/Pentominoes-Info.plist";
				IPHONEOS_DEPLOYMENT_TARGET = 6.1;
				PRODUCT_NAME = "$(TARGET_NAME)";
				TARGETED_DEVICE_FAMILY = 2;
				WRAPPER_EXTENSION = app;
			};
			name = Debug;
		};
		4C6B4A0917DD7E2B00C3E3DA /* Release */ = {
			isa = XCBuildConfiguration;
			buildSettings = {
				GCC_PRECOMPILE_PREFIX_HEADER = YES;
				GCC_PREFIX_HEADER = "Pentominoes/Pentominoes-Prefix.pch";
				INFOPLIST_FILE = "Pentominoes/Pentominoes-Info.plist";
				IPHONEOS_DEPLOYMENT_TARGET = 6.1;
				PRODUCT_NAME = "$(TARGET_NAME)";
				TARGETED_DEVICE_FAMILY = 2;
				WRAPPER_EXTENSION = app;
			};
			name = Release;
		};
/* End XCBuildConfiguration section */

/* Begin XCConfigurationList section */
		4C6B49DF17DD7E2A00C3E3DA /* Build configuration list for PBXProject "Pentominoes" */ = {
			isa = XCConfigurationList;
			buildConfigurations = (
				4C6B4A0517DD7E2B00C3E3DA /* Debug */,
				4C6B4A0617DD7E2B00C3E3DA /* Release */,
			);
			defaultConfigurationIsVisible = 0;
			defaultConfigurationName = Release;
		};
		4C6B4A0717DD7E2B00C3E3DA /* Build configuration list for PBXNativeTarget "Pentominoes" */ = {
			isa = XCConfigurationList;
			buildConfigurations = (
				4C6B4A0817DD7E2B00C3E3DA /* Debug */,
				4C6B4A0917DD7E2B00C3E3DA /* Release */,
			);
			defaultConfigurationIsVisible = 0;
			defaultConfigurationName = Release;
		};
/* End XCConfigurationList section */
	};
	rootObject = 4C6B49DC17DD7E2A00C3E3DA /* Project object */;
}
